
Microsoft Visual Studio Solution File, Format Version 12.00
# Visual Studio 15
VisualStudioVersion = 15.0.28307.1433
MinimumVisualStudioVersion = 10.0.40219.1
Project("{9A19103F-16F7-4668-BE54-9A1E7A4F7556}") = "NextGenConfig.API", "NextGenConfig.API\NextGenConfig.API.csproj", "{A1256AC5-3215-434B-8695-54C8F43D93B5}"
EndProject
Project("{FAE04EC0-301F-11D3-BF4B-00C04F79EFBC}") = "NextGenConfig.services", "NextGenConfig.service\NextGenConfig.services.csproj", "{9CBFD747-05A2-4B84-A87C-2640AEDEDABD}"
EndProject
Project("{FAE04EC0-301F-11D3-BF4B-00C04F79EFBC}") = "NextGenConfig.Repositories", "NextGenConfig.repository\NextGenConfig.Repositories.csproj", "{BD82D39B-5522-4905-983A-4DCCA5D32108}"
EndProject
Project("{FAE04EC0-301F-11D3-BF4B-00C04F79EFBC}") = "NextGenConfig.data", "NextGenConfig.data\NextGenConfig.data.csproj", "{95F6D3AE-0C92-4125-B418-84933A15838E}"
EndProject
Project("{FAE04EC0-301F-11D3-BF4B-00C04F79EFBC}") = "NextGenConfig.entities", "NextGenConfig.entities\NextGenConfig.entities.csproj", "{945A4C5B-8E5F-4668-BFB7-F1F77BD8B657}"
EndProject
Global
	GlobalSection(SolutionConfigurationPlatforms) = preSolution
		Debug|Any CPU = Debug|Any CPU
		Release|Any CPU = Release|Any CPU
	EndGlobalSection
	GlobalSection(ProjectConfigurationPlatforms) = postSolution
		{A1256AC5-3215-434B-8695-54C8F43D93B5}.Debug|Any CPU.ActiveCfg = Debug|Any CPU
		{A1256AC5-3215-434B-8695-54C8F43D93B5}.Debug|Any CPU.Build.0 = Debug|Any CPU
		{A1256AC5-3215-434B-8695-54C8F43D93B5}.Release|Any CPU.ActiveCfg = Release|Any CPU
		{A1256AC5-3215-434B-8695-54C8F43D93B5}.Release|Any CPU.Build.0 = Release|Any CPU
		{9CBFD747-05A2-4B84-A87C-2640AEDEDABD}.Debug|Any CPU.ActiveCfg = Debug|Any CPU
		{9CBFD747-05A2-4B84-A87C-2640AEDEDABD}.Debug|Any CPU.Build.0 = Debug|Any CPU
		{9CBFD747-05A2-4B84-A87C-2640AEDEDABD}.Release|Any CPU.ActiveCfg = Release|Any CPU
		{9CBFD747-05A2-4B84-A87C-2640AEDEDABD}.Release|Any CPU.Build.0 = Release|Any CPU
		{BD82D39B-5522-4905-983A-4DCCA5D32108}.Debug|Any CPU.ActiveCfg = Debug|Any CPU
		{BD82D39B-5522-4905-983A-4DCCA5D32108}.Debug|Any CPU.Build.0 = Debug|Any CPU
		{BD82D39B-5522-4905-983A-4DCCA5D32108}.Release|Any CPU.ActiveCfg = Release|Any CPU
		{BD82D39B-5522-4905-983A-4DCCA5D32108}.Release|Any CPU.Build.0 = Release|Any CPU
		{95F6D3AE-0C92-4125-B418-84933A15838E}.Debug|Any CPU.ActiveCfg = Debug|Any CPU
		{95F6D3AE-0C92-4125-B418-84933A15838E}.Debug|Any CPU.Build.0 = Debug|Any CPU
		{95F6D3AE-0C92-4125-B418-84933A15838E}.Release|Any CPU.ActiveCfg = Release|Any CPU
		{95F6D3AE-0C92-4125-B418-84933A15838E}.Release|Any CPU.Build.0 = Release|Any CPU
		{945A4C5B-8E5F-4668-BFB7-F1F77BD8B657}.Debug|Any CPU.ActiveCfg = Debug|Any CPU
		{945A4C5B-8E5F-4668-BFB7-F1F77BD8B657}.Debug|Any CPU.Build.0 = Debug|Any CPU
		{945A4C5B-8E5F-4668-BFB7-F1F77BD8B657}.Release|Any CPU.ActiveCfg = Release|Any CPU
		{945A4C5B-8E5F-4668-BFB7-F1F77BD8B657}.Release|Any CPU.Build.0 = Release|Any CPU
	EndGlobalSection
	GlobalSection(SolutionProperties) = preSolution
		HideSolutionNode = FALSE
	EndGlobalSection
	GlobalSection(ExtensibilityGlobals) = postSolution
		SolutionGuid = {860AE66C-DD04-45F6-B7A3-8B02CBBD09CB}
	EndGlobalSection
EndGlobal
